// !$*UTF8*$!
{
	archiveVersion = 1;
	classes = {
	};
	objectVersion = 46;
	objects = {

/* Begin PBXAggregateTarget section */
		A0070D1C1D38B017008BD8D4 /* AcceptSDKUniversal */ = {
			isa = PBXAggregateTarget;
			buildConfigurationList = A0070D1D1D38B017008BD8D4 /* Build configuration list for PBXAggregateTarget "AcceptSDKUniversal" */;
			buildPhases = (
				A0070D201D38B01E008BD8D4 /* ShellScript */,
			);
			dependencies = (
				A0070D221D38B06B008BD8D4 /* PBXTargetDependency */,
			);
			name = AcceptSDKUniversal;
			productName = AcceptSDKUniversal;
		};
/* End PBXAggregateTarget section */

/* Begin PBXBuildFile section */
		8DCBB2A41D3F4B8100E6FDDA /* SecurePaymentContainerRequest.swift in Sources */ = {isa = PBXBuildFile; fileRef = A027CA631D3A02D7007A8D73 /* SecurePaymentContainerRequest.swift */; };
		8DCBB2A51D3F4E6700E6FDDA /* FingerPrint.swift in Sources */ = {isa = PBXBuildFile; fileRef = A027CA611D3A0062007A8D73 /* FingerPrint.swift */; };
		8DCBB2A61D3F4E6A00E6FDDA /* MerchantAuthenticaton.swift in Sources */ = {isa = PBXBuildFile; fileRef = A027CA5F1D39FFA3007A8D73 /* MerchantAuthenticaton.swift */; };
		8DCBB2A71D3F4E6D00E6FDDA /* AcceptSDKPaymentRequest.swift in Sources */ = {isa = PBXBuildFile; fileRef = A0070D061D38AEED008BD8D4 /* AcceptSDKPaymentRequest.swift */; };
		8DCBB2A81D3F4E7300E6FDDA /* AcceptSDKErrorResponse.swift in Sources */ = {isa = PBXBuildFile; fileRef = A0070D081D38AEED008BD8D4 /* AcceptSDKErrorResponse.swift */; };
		8DCBB2A91D3F4E7500E6FDDA /* AcceptSDKTokenResponse.swift in Sources */ = {isa = PBXBuildFile; fileRef = A0070D091D38AEED008BD8D4 /* AcceptSDKTokenResponse.swift */; };
		8DCBB2AA1D3F4E7900E6FDDA /* AcceptSDKHandler.swift in Sources */ = {isa = PBXBuildFile; fileRef = A0070CF11D38AEE2008BD8D4 /* AcceptSDKHandler.swift */; };
		8DCBB2AB1D3F4E7B00E6FDDA /* AcceptSDKInternal.swift in Sources */ = {isa = PBXBuildFile; fileRef = A0070CF21D38AEE2008BD8D4 /* AcceptSDKInternal.swift */; };
		8DCBB2AC1D3F4E7E00E6FDDA /* AcceptSDKSettings.swift in Sources */ = {isa = PBXBuildFile; fileRef = A0070CF31D38AEE2008BD8D4 /* AcceptSDKSettings.swift */; };
		8DCBB2AD1D3F4E8600E6FDDA /* AccepSDKtHttp.swift in Sources */ = {isa = PBXBuildFile; fileRef = A0070D031D38AEED008BD8D4 /* AccepSDKtHttp.swift */; };
		8DCBB2AE1D3F4E8800E6FDDA /* AcceptSDKHttpConnection.swift in Sources */ = {isa = PBXBuildFile; fileRef = A0070D041D38AEED008BD8D4 /* AcceptSDKHttpConnection.swift */; };
		8DCBB2AF1D3F4E8D00E6FDDA /* AcceptSDKBaseInterface.swift in Sources */ = {isa = PBXBuildFile; fileRef = A0070D001D38AEED008BD8D4 /* AcceptSDKBaseInterface.swift */; };
		8DCBB2B01D3F4E9000E6FDDA /* AcceptSDKTokenInterface.swift in Sources */ = {isa = PBXBuildFile; fileRef = A0070D011D38AEED008BD8D4 /* AcceptSDKTokenInterface.swift */; };
		8DCBB2B31D3F4E9B00E6FDDA /* AcceptSDKBaseInterfaceBuilder.swift in Sources */ = {isa = PBXBuildFile; fileRef = A0C04C1B1D3D3604002C567C /* AcceptSDKBaseInterfaceBuilder.swift */; };
		8DCBB2B41D3F4E9E00E6FDDA /* AcceptSDKBaseURLBuilder.swift in Sources */ = {isa = PBXBuildFile; fileRef = A0C04C1C1D3D3604002C567C /* AcceptSDKBaseURLBuilder.swift */; };
		8DCBB2B51D3F4EA100E6FDDA /* AcceptSDKTokenAPIBuilder.swift in Sources */ = {isa = PBXBuildFile; fileRef = A0C04C1D1D3D3604002C567C /* AcceptSDKTokenAPIBuilder.swift */; };
		8DCBB2B61D3F4EA400E6FDDA /* AcceptSDKTokenInterfaceBuilder.swift in Sources */ = {isa = PBXBuildFile; fileRef = A0C04C1E1D3D3604002C567C /* AcceptSDKTokenInterfaceBuilder.swift */; };
		8DCBB2B71D3F4EEF00E6FDDA /* AcceptSDKCardFieldsValidator.swift in Sources */ = {isa = PBXBuildFile; fileRef = A0070D0B1D38AEED008BD8D4 /* AcceptSDKCardFieldsValidator.swift */; };
		8DCBB2B81D3F4EF100E6FDDA /* AcceptSDKStringValidator.swift in Sources */ = {isa = PBXBuildFile; fileRef = A0070D0C1D38AEED008BD8D4 /* AcceptSDKStringValidator.swift */; };
		8DCBB2BB1D3F6C4C00E6FDDA /* WebCheckOutDataTypeTests.swift in Sources */ = {isa = PBXBuildFile; fileRef = 8DCBB2BA1D3F6C4C00E6FDDA /* WebCheckOutDataTypeTests.swift */; };
		8DCBB2BD1D3F8BD700E6FDDA /* FingerPrintTests.swift in Sources */ = {isa = PBXBuildFile; fileRef = 8DCBB2BC1D3F8BD700E6FDDA /* FingerPrintTests.swift */; };
		8DCBB2BF1D3FAF5600E6FDDA /* MerchantAuthenticationTests.swift in Sources */ = {isa = PBXBuildFile; fileRef = 8DCBB2BE1D3FAF5500E6FDDA /* MerchantAuthenticationTests.swift */; };
		93E9A0F4B9FA49B7256A5130 /* Pods_AcceptSDK.framework in Frameworks */ = {isa = PBXBuildFile; fileRef = E5BABDEDCA6DA0F77F579184 /* Pods_AcceptSDK.framework */; };
		9F3D4B68A1636676023F00ED /* Pods_AcceptSDKTests.framework in Frameworks */ = {isa = PBXBuildFile; fileRef = 2AB9615B0C6A7A92478FEB19 /* Pods_AcceptSDKTests.framework */; };
		A0070CDB1D38AE0A008BD8D4 /* AcceptSDK.h in Headers */ = {isa = PBXBuildFile; fileRef = A0070CDA1D38AE0A008BD8D4 /* AcceptSDK.h */; settings = {ATTRIBUTES = (Public, ); }; };
		A0070CE21D38AE0A008BD8D4 /* AcceptSDK.framework in Frameworks */ = {isa = PBXBuildFile; fileRef = A0070CD71D38AE0A008BD8D4 /* AcceptSDK.framework */; };
		A0070CE71D38AE0A008BD8D4 /* TokenDataTests.swift in Sources */ = {isa = PBXBuildFile; fileRef = A0070CE61D38AE0A008BD8D4 /* TokenDataTests.swift */; };
		A0070CF41D38AEE2008BD8D4 /* AcceptSDKHandler.swift in Sources */ = {isa = PBXBuildFile; fileRef = A0070CF11D38AEE2008BD8D4 /* AcceptSDKHandler.swift */; };
		A0070CF51D38AEE2008BD8D4 /* AcceptSDKInternal.swift in Sources */ = {isa = PBXBuildFile; fileRef = A0070CF21D38AEE2008BD8D4 /* AcceptSDKInternal.swift */; };
		A0070CF61D38AEE2008BD8D4 /* AcceptSDKSettings.swift in Sources */ = {isa = PBXBuildFile; fileRef = A0070CF31D38AEE2008BD8D4 /* AcceptSDKSettings.swift */; };
		A0070D131D38AEED008BD8D4 /* AcceptSDKBaseInterface.swift in Sources */ = {isa = PBXBuildFile; fileRef = A0070D001D38AEED008BD8D4 /* AcceptSDKBaseInterface.swift */; };
		A0070D141D38AEED008BD8D4 /* AcceptSDKTokenInterface.swift in Sources */ = {isa = PBXBuildFile; fileRef = A0070D011D38AEED008BD8D4 /* AcceptSDKTokenInterface.swift */; };
		A0070D151D38AEED008BD8D4 /* AccepSDKtHttp.swift in Sources */ = {isa = PBXBuildFile; fileRef = A0070D031D38AEED008BD8D4 /* AccepSDKtHttp.swift */; };
		A0070D161D38AEED008BD8D4 /* AcceptSDKHttpConnection.swift in Sources */ = {isa = PBXBuildFile; fileRef = A0070D041D38AEED008BD8D4 /* AcceptSDKHttpConnection.swift */; };
		A0070D171D38AEED008BD8D4 /* AcceptSDKPaymentRequest.swift in Sources */ = {isa = PBXBuildFile; fileRef = A0070D061D38AEED008BD8D4 /* AcceptSDKPaymentRequest.swift */; };
		A0070D181D38AEED008BD8D4 /* AcceptSDKErrorResponse.swift in Sources */ = {isa = PBXBuildFile; fileRef = A0070D081D38AEED008BD8D4 /* AcceptSDKErrorResponse.swift */; };
		A0070D191D38AEED008BD8D4 /* AcceptSDKTokenResponse.swift in Sources */ = {isa = PBXBuildFile; fileRef = A0070D091D38AEED008BD8D4 /* AcceptSDKTokenResponse.swift */; };
		A0070D1A1D38AEED008BD8D4 /* AcceptSDKCardFieldsValidator.swift in Sources */ = {isa = PBXBuildFile; fileRef = A0070D0B1D38AEED008BD8D4 /* AcceptSDKCardFieldsValidator.swift */; };
		A0070D1B1D38AEED008BD8D4 /* AcceptSDKStringValidator.swift in Sources */ = {isa = PBXBuildFile; fileRef = A0070D0C1D38AEED008BD8D4 /* AcceptSDKStringValidator.swift */; };
		A027CA601D39FFA3007A8D73 /* MerchantAuthenticaton.swift in Sources */ = {isa = PBXBuildFile; fileRef = A027CA5F1D39FFA3007A8D73 /* MerchantAuthenticaton.swift */; };
		A027CA621D3A0062007A8D73 /* FingerPrint.swift in Sources */ = {isa = PBXBuildFile; fileRef = A027CA611D3A0062007A8D73 /* FingerPrint.swift */; };
		A027CA641D3A02D7007A8D73 /* SecurePaymentContainerRequest.swift in Sources */ = {isa = PBXBuildFile; fileRef = A027CA631D3A02D7007A8D73 /* SecurePaymentContainerRequest.swift */; };
		A0C04C1F1D3D3604002C567C /* AcceptSDKBaseInterfaceBuilder.swift in Sources */ = {isa = PBXBuildFile; fileRef = A0C04C1B1D3D3604002C567C /* AcceptSDKBaseInterfaceBuilder.swift */; };
		A0C04C201D3D3604002C567C /* AcceptSDKBaseURLBuilder.swift in Sources */ = {isa = PBXBuildFile; fileRef = A0C04C1C1D3D3604002C567C /* AcceptSDKBaseURLBuilder.swift */; };
		A0C04C211D3D3604002C567C /* AcceptSDKTokenAPIBuilder.swift in Sources */ = {isa = PBXBuildFile; fileRef = A0C04C1D1D3D3604002C567C /* AcceptSDKTokenAPIBuilder.swift */; };
		A0C04C221D3D3604002C567C /* AcceptSDKTokenInterfaceBuilder.swift in Sources */ = {isa = PBXBuildFile; fileRef = A0C04C1E1D3D3604002C567C /* AcceptSDKTokenInterfaceBuilder.swift */; };
/* End PBXBuildFile section */

/* Begin PBXContainerItemProxy section */
		A0070CE31D38AE0A008BD8D4 /* PBXContainerItemProxy */ = {
			isa = PBXContainerItemProxy;
			containerPortal = A0070CCE1D38AE0A008BD8D4 /* Project object */;
			proxyType = 1;
			remoteGlobalIDString = A0070CD61D38AE0A008BD8D4;
			remoteInfo = AcceptSDK;
		};
		A0070D211D38B06B008BD8D4 /* PBXContainerItemProxy */ = {
			isa = PBXContainerItemProxy;
			containerPortal = A0070CCE1D38AE0A008BD8D4 /* Project object */;
			proxyType = 1;
			remoteGlobalIDString = A0070CD61D38AE0A008BD8D4;
			remoteInfo = AcceptSDK;
		};
/* End PBXContainerItemProxy section */

/* Begin PBXFileReference section */
		05F5BE570E61E8AD84559E8B /* Pods-AcceptSDKTests.debug.xcconfig */ = {isa = PBXFileReference; includeInIndex = 1; lastKnownFileType = text.xcconfig; name = "Pods-AcceptSDKTests.debug.xcconfig"; path = "Pods/Target Support Files/Pods-AcceptSDKTests/Pods-AcceptSDKTests.debug.xcconfig"; sourceTree = "<group>"; };
		2586DA0885DBC49194787873 /* Pods-AcceptSDK.debug.xcconfig */ = {isa = PBXFileReference; includeInIndex = 1; lastKnownFileType = text.xcconfig; name = "Pods-AcceptSDK.debug.xcconfig"; path = "Pods/Target Support Files/Pods-AcceptSDK/Pods-AcceptSDK.debug.xcconfig"; sourceTree = "<group>"; };
		2AB9615B0C6A7A92478FEB19 /* Pods_AcceptSDKTests.framework */ = {isa = PBXFileReference; explicitFileType = wrapper.framework; includeInIndex = 0; path = Pods_AcceptSDKTests.framework; sourceTree = BUILT_PRODUCTS_DIR; };
		8DCBB2BA1D3F6C4C00E6FDDA /* WebCheckOutDataTypeTests.swift */ = {isa = PBXFileReference; fileEncoding = 4; lastKnownFileType = sourcecode.swift; path = WebCheckOutDataTypeTests.swift; sourceTree = "<group>"; };
		8DCBB2BC1D3F8BD700E6FDDA /* FingerPrintTests.swift */ = {isa = PBXFileReference; fileEncoding = 4; lastKnownFileType = sourcecode.swift; path = FingerPrintTests.swift; sourceTree = "<group>"; };
		8DCBB2BE1D3FAF5500E6FDDA /* MerchantAuthenticationTests.swift */ = {isa = PBXFileReference; fileEncoding = 4; lastKnownFileType = sourcecode.swift; path = MerchantAuthenticationTests.swift; sourceTree = "<group>"; };
		A0070CD71D38AE0A008BD8D4 /* AcceptSDK.framework */ = {isa = PBXFileReference; explicitFileType = wrapper.framework; includeInIndex = 0; path = AcceptSDK.framework; sourceTree = BUILT_PRODUCTS_DIR; };
		A0070CDA1D38AE0A008BD8D4 /* AcceptSDK.h */ = {isa = PBXFileReference; lastKnownFileType = sourcecode.c.h; path = AcceptSDK.h; sourceTree = "<group>"; };
		A0070CDC1D38AE0A008BD8D4 /* Info.plist */ = {isa = PBXFileReference; lastKnownFileType = text.plist.xml; path = Info.plist; sourceTree = "<group>"; };
		A0070CE11D38AE0A008BD8D4 /* AcceptSDKTests.xctest */ = {isa = PBXFileReference; explicitFileType = wrapper.cfbundle; includeInIndex = 0; path = AcceptSDKTests.xctest; sourceTree = BUILT_PRODUCTS_DIR; };
		A0070CE61D38AE0A008BD8D4 /* TokenDataTests.swift */ = {isa = PBXFileReference; lastKnownFileType = sourcecode.swift; path = TokenDataTests.swift; sourceTree = "<group>"; };
		A0070CE81D38AE0A008BD8D4 /* Info.plist */ = {isa = PBXFileReference; lastKnownFileType = text.plist.xml; path = Info.plist; sourceTree = "<group>"; };
		A0070CF11D38AEE2008BD8D4 /* AcceptSDKHandler.swift */ = {isa = PBXFileReference; fileEncoding = 4; lastKnownFileType = sourcecode.swift; path = AcceptSDKHandler.swift; sourceTree = "<group>"; };
		A0070CF21D38AEE2008BD8D4 /* AcceptSDKInternal.swift */ = {isa = PBXFileReference; fileEncoding = 4; lastKnownFileType = sourcecode.swift; path = AcceptSDKInternal.swift; sourceTree = "<group>"; };
		A0070CF31D38AEE2008BD8D4 /* AcceptSDKSettings.swift */ = {isa = PBXFileReference; fileEncoding = 4; lastKnownFileType = sourcecode.swift; path = AcceptSDKSettings.swift; sourceTree = "<group>"; };
		A0070D001D38AEED008BD8D4 /* AcceptSDKBaseInterface.swift */ = {isa = PBXFileReference; fileEncoding = 4; lastKnownFileType = sourcecode.swift; path = AcceptSDKBaseInterface.swift; sourceTree = "<group>"; };
		A0070D011D38AEED008BD8D4 /* AcceptSDKTokenInterface.swift */ = {isa = PBXFileReference; fileEncoding = 4; lastKnownFileType = sourcecode.swift; path = AcceptSDKTokenInterface.swift; sourceTree = "<group>"; };
		A0070D031D38AEED008BD8D4 /* AccepSDKtHttp.swift */ = {isa = PBXFileReference; fileEncoding = 4; lastKnownFileType = sourcecode.swift; path = AccepSDKtHttp.swift; sourceTree = "<group>"; };
		A0070D041D38AEED008BD8D4 /* AcceptSDKHttpConnection.swift */ = {isa = PBXFileReference; fileEncoding = 4; lastKnownFileType = sourcecode.swift; path = AcceptSDKHttpConnection.swift; sourceTree = "<group>"; };
		A0070D061D38AEED008BD8D4 /* AcceptSDKPaymentRequest.swift */ = {isa = PBXFileReference; fileEncoding = 4; lastKnownFileType = sourcecode.swift; path = AcceptSDKPaymentRequest.swift; sourceTree = "<group>"; };
		A0070D081D38AEED008BD8D4 /* AcceptSDKErrorResponse.swift */ = {isa = PBXFileReference; fileEncoding = 4; lastKnownFileType = sourcecode.swift; path = AcceptSDKErrorResponse.swift; sourceTree = "<group>"; };
		A0070D091D38AEED008BD8D4 /* AcceptSDKTokenResponse.swift */ = {isa = PBXFileReference; fileEncoding = 4; lastKnownFileType = sourcecode.swift; path = AcceptSDKTokenResponse.swift; sourceTree = "<group>"; };
		A0070D0B1D38AEED008BD8D4 /* AcceptSDKCardFieldsValidator.swift */ = {isa = PBXFileReference; fileEncoding = 4; lastKnownFileType = sourcecode.swift; path = AcceptSDKCardFieldsValidator.swift; sourceTree = "<group>"; };
		A0070D0C1D38AEED008BD8D4 /* AcceptSDKStringValidator.swift */ = {isa = PBXFileReference; fileEncoding = 4; lastKnownFileType = sourcecode.swift; path = AcceptSDKStringValidator.swift; sourceTree = "<group>"; };
		A027CA5F1D39FFA3007A8D73 /* MerchantAuthenticaton.swift */ = {isa = PBXFileReference; fileEncoding = 4; lastKnownFileType = sourcecode.swift; path = MerchantAuthenticaton.swift; sourceTree = "<group>"; };
		A027CA611D3A0062007A8D73 /* FingerPrint.swift */ = {isa = PBXFileReference; fileEncoding = 4; lastKnownFileType = sourcecode.swift; path = FingerPrint.swift; sourceTree = "<group>"; };
		A027CA631D3A02D7007A8D73 /* SecurePaymentContainerRequest.swift */ = {isa = PBXFileReference; fileEncoding = 4; lastKnownFileType = sourcecode.swift; path = SecurePaymentContainerRequest.swift; sourceTree = "<group>"; };
		A0C04C1B1D3D3604002C567C /* AcceptSDKBaseInterfaceBuilder.swift */ = {isa = PBXFileReference; fileEncoding = 4; lastKnownFileType = sourcecode.swift; path = AcceptSDKBaseInterfaceBuilder.swift; sourceTree = "<group>"; };
		A0C04C1C1D3D3604002C567C /* AcceptSDKBaseURLBuilder.swift */ = {isa = PBXFileReference; fileEncoding = 4; lastKnownFileType = sourcecode.swift; path = AcceptSDKBaseURLBuilder.swift; sourceTree = "<group>"; };
		A0C04C1D1D3D3604002C567C /* AcceptSDKTokenAPIBuilder.swift */ = {isa = PBXFileReference; fileEncoding = 4; lastKnownFileType = sourcecode.swift; path = AcceptSDKTokenAPIBuilder.swift; sourceTree = "<group>"; };
		A0C04C1E1D3D3604002C567C /* AcceptSDKTokenInterfaceBuilder.swift */ = {isa = PBXFileReference; fileEncoding = 4; lastKnownFileType = sourcecode.swift; path = AcceptSDKTokenInterfaceBuilder.swift; sourceTree = "<group>"; };
		A48542D2B9727417FFC81DE4 /* Pods-AcceptSDK.release.xcconfig */ = {isa = PBXFileReference; includeInIndex = 1; lastKnownFileType = text.xcconfig; name = "Pods-AcceptSDK.release.xcconfig"; path = "Pods/Target Support Files/Pods-AcceptSDK/Pods-AcceptSDK.release.xcconfig"; sourceTree = "<group>"; };
		D6D244A02E3C298A2057C19C /* Pods-AcceptSDKTests.release.xcconfig */ = {isa = PBXFileReference; includeInIndex = 1; lastKnownFileType = text.xcconfig; name = "Pods-AcceptSDKTests.release.xcconfig"; path = "Pods/Target Support Files/Pods-AcceptSDKTests/Pods-AcceptSDKTests.release.xcconfig"; sourceTree = "<group>"; };
		E5BABDEDCA6DA0F77F579184 /* Pods_AcceptSDK.framework */ = {isa = PBXFileReference; explicitFileType = wrapper.framework; includeInIndex = 0; path = Pods_AcceptSDK.framework; sourceTree = BUILT_PRODUCTS_DIR; };
/* End PBXFileReference section */

/* Begin PBXFrameworksBuildPhase section */
		A0070CD31D38AE0A008BD8D4 /* Frameworks */ = {
			isa = PBXFrameworksBuildPhase;
			buildActionMask = 2147483647;
			files = (
				93E9A0F4B9FA49B7256A5130 /* Pods_AcceptSDK.framework in Frameworks */,
			);
			runOnlyForDeploymentPostprocessing = 0;
		};
		A0070CDE1D38AE0A008BD8D4 /* Frameworks */ = {
			isa = PBXFrameworksBuildPhase;
			buildActionMask = 2147483647;
			files = (
				A0070CE21D38AE0A008BD8D4 /* AcceptSDK.framework in Frameworks */,
				9F3D4B68A1636676023F00ED /* Pods_AcceptSDKTests.framework in Frameworks */,
			);
			runOnlyForDeploymentPostprocessing = 0;
		};
/* End PBXFrameworksBuildPhase section */

/* Begin PBXGroup section */
		03A069330F464E53C167FD61 /* Frameworks */ = {
			isa = PBXGroup;
			children = (
				E5BABDEDCA6DA0F77F579184 /* Pods_AcceptSDK.framework */,
				2AB9615B0C6A7A92478FEB19 /* Pods_AcceptSDKTests.framework */,
			);
			name = Frameworks;
			sourceTree = "<group>";
		};
		3A1E0CA05EFA9E997BEE45EA /* Pods */ = {
			isa = PBXGroup;
			children = (
				2586DA0885DBC49194787873 /* Pods-AcceptSDK.debug.xcconfig */,
				A48542D2B9727417FFC81DE4 /* Pods-AcceptSDK.release.xcconfig */,
				05F5BE570E61E8AD84559E8B /* Pods-AcceptSDKTests.debug.xcconfig */,
				D6D244A02E3C298A2057C19C /* Pods-AcceptSDKTests.release.xcconfig */,
			);
			name = Pods;
			sourceTree = "<group>";
		};
		A0070CCD1D38AE0A008BD8D4 = {
			isa = PBXGroup;
			children = (
				A0070CD91D38AE0A008BD8D4 /* AcceptSDK */,
				A0070CE51D38AE0A008BD8D4 /* AcceptSDKTests */,
				A0070CD81D38AE0A008BD8D4 /* Products */,
				3A1E0CA05EFA9E997BEE45EA /* Pods */,
				03A069330F464E53C167FD61 /* Frameworks */,
			);
			sourceTree = "<group>";
		};
		A0070CD81D38AE0A008BD8D4 /* Products */ = {
			isa = PBXGroup;
			children = (
				A0070CD71D38AE0A008BD8D4 /* AcceptSDK.framework */,
				A0070CE11D38AE0A008BD8D4 /* AcceptSDKTests.xctest */,
			);
			name = Products;
			sourceTree = "<group>";
		};
		A0070CD91D38AE0A008BD8D4 /* AcceptSDK */ = {
			isa = PBXGroup;
			children = (
				A0C04C1A1D3D3604002C567C /* AcceptBuilder */,
				A0070CFF1D38AEED008BD8D4 /* Interface */,
				A0070D021D38AEED008BD8D4 /* Network */,
				A0070D051D38AEED008BD8D4 /* Request */,
				A0070D071D38AEED008BD8D4 /* Response */,
				A0070D0A1D38AEED008BD8D4 /* Validators */,
				A0070CF11D38AEE2008BD8D4 /* AcceptSDKHandler.swift */,
				A0070CF21D38AEE2008BD8D4 /* AcceptSDKInternal.swift */,
				A0070CF31D38AEE2008BD8D4 /* AcceptSDKSettings.swift */,
				A0070CDA1D38AE0A008BD8D4 /* AcceptSDK.h */,
				A0070CDC1D38AE0A008BD8D4 /* Info.plist */,
			);
			path = AcceptSDK;
			sourceTree = "<group>";
		};
		A0070CE51D38AE0A008BD8D4 /* AcceptSDKTests */ = {
			isa = PBXGroup;
			children = (
				A0070CE61D38AE0A008BD8D4 /* TokenDataTests.swift */,
				8DCBB2BA1D3F6C4C00E6FDDA /* WebCheckOutDataTypeTests.swift */,
				8DCBB2BC1D3F8BD700E6FDDA /* FingerPrintTests.swift */,
				8DCBB2BE1D3FAF5500E6FDDA /* MerchantAuthenticationTests.swift */,
				A0070CE81D38AE0A008BD8D4 /* Info.plist */,
			);
			path = AcceptSDKTests;
			sourceTree = "<group>";
		};
		A0070CFF1D38AEED008BD8D4 /* Interface */ = {
			isa = PBXGroup;
			children = (
				A0070D001D38AEED008BD8D4 /* AcceptSDKBaseInterface.swift */,
				A0070D011D38AEED008BD8D4 /* AcceptSDKTokenInterface.swift */,
			);
			path = Interface;
			sourceTree = "<group>";
		};
		A0070D021D38AEED008BD8D4 /* Network */ = {
			isa = PBXGroup;
			children = (
				A0070D031D38AEED008BD8D4 /* AccepSDKtHttp.swift */,
				A0070D041D38AEED008BD8D4 /* AcceptSDKHttpConnection.swift */,
			);
			path = Network;
			sourceTree = "<group>";
		};
		A0070D051D38AEED008BD8D4 /* Request */ = {
			isa = PBXGroup;
			children = (
				A0070D061D38AEED008BD8D4 /* AcceptSDKPaymentRequest.swift */,
				A027CA5F1D39FFA3007A8D73 /* MerchantAuthenticaton.swift */,
				A027CA611D3A0062007A8D73 /* FingerPrint.swift */,
				A027CA631D3A02D7007A8D73 /* SecurePaymentContainerRequest.swift */,
			);
			path = Request;
			sourceTree = "<group>";
		};
		A0070D071D38AEED008BD8D4 /* Response */ = {
			isa = PBXGroup;
			children = (
				A0070D081D38AEED008BD8D4 /* AcceptSDKErrorResponse.swift */,
				A0070D091D38AEED008BD8D4 /* AcceptSDKTokenResponse.swift */,
			);
			path = Response;
			sourceTree = "<group>";
		};
		A0070D0A1D38AEED008BD8D4 /* Validators */ = {
			isa = PBXGroup;
			children = (
				A0070D0B1D38AEED008BD8D4 /* AcceptSDKCardFieldsValidator.swift */,
				A0070D0C1D38AEED008BD8D4 /* AcceptSDKStringValidator.swift */,
			);
			path = Validators;
			sourceTree = "<group>";
		};
		A0C04C1A1D3D3604002C567C /* AcceptBuilder */ = {
			isa = PBXGroup;
			children = (
				A0C04C1B1D3D3604002C567C /* AcceptSDKBaseInterfaceBuilder.swift */,
				A0C04C1C1D3D3604002C567C /* AcceptSDKBaseURLBuilder.swift */,
				A0C04C1D1D3D3604002C567C /* AcceptSDKTokenAPIBuilder.swift */,
				A0C04C1E1D3D3604002C567C /* AcceptSDKTokenInterfaceBuilder.swift */,
			);
			path = AcceptBuilder;
			sourceTree = "<group>";
		};
/* End PBXGroup section */

/* Begin PBXHeadersBuildPhase section */
		A0070CD41D38AE0A008BD8D4 /* Headers */ = {
			isa = PBXHeadersBuildPhase;
			buildActionMask = 2147483647;
			files = (
				A0070CDB1D38AE0A008BD8D4 /* AcceptSDK.h in Headers */,
			);
			runOnlyForDeploymentPostprocessing = 0;
		};
/* End PBXHeadersBuildPhase section */

/* Begin PBXNativeTarget section */
		A0070CD61D38AE0A008BD8D4 /* AcceptSDK */ = {
			isa = PBXNativeTarget;
			buildConfigurationList = A0070CEB1D38AE0A008BD8D4 /* Build configuration list for PBXNativeTarget "AcceptSDK" */;
			buildPhases = (
				AF04E4A230A11E1B76D495A9 /* [CP] Check Pods Manifest.lock */,
				A0070CD21D38AE0A008BD8D4 /* Sources */,
				A0070CD31D38AE0A008BD8D4 /* Frameworks */,
				A0070CD41D38AE0A008BD8D4 /* Headers */,
				A0070CD51D38AE0A008BD8D4 /* Resources */,
				ECD9DD6278B8FC3B297ADFCF /* [CP] Copy Pods Resources */,
			);
			buildRules = (
			);
			dependencies = (
			);
			name = AcceptSDK;
			productName = AcceptSDK;
			productReference = A0070CD71D38AE0A008BD8D4 /* AcceptSDK.framework */;
			productType = "com.apple.product-type.framework";
		};
		A0070CE01D38AE0A008BD8D4 /* AcceptSDKTests */ = {
			isa = PBXNativeTarget;
			buildConfigurationList = A0070CEE1D38AE0A008BD8D4 /* Build configuration list for PBXNativeTarget "AcceptSDKTests" */;
			buildPhases = (
				B9375B7386EC752339570D6C /* [CP] Check Pods Manifest.lock */,
				A0070CDD1D38AE0A008BD8D4 /* Sources */,
				A0070CDE1D38AE0A008BD8D4 /* Frameworks */,
				A0070CDF1D38AE0A008BD8D4 /* Resources */,
				8E5127877BB46D69D0CC18B9 /* [CP] Embed Pods Frameworks */,
				8FD38D9E37A281E8F6BBC50F /* [CP] Copy Pods Resources */,
			);
			buildRules = (
			);
			dependencies = (
				A0070CE41D38AE0A008BD8D4 /* PBXTargetDependency */,
			);
			name = AcceptSDKTests;
			productName = AcceptSDKTests;
			productReference = A0070CE11D38AE0A008BD8D4 /* AcceptSDKTests.xctest */;
			productType = "com.apple.product-type.bundle.unit-test";
		};
/* End PBXNativeTarget section */

/* Begin PBXProject section */
		A0070CCE1D38AE0A008BD8D4 /* Project object */ = {
			isa = PBXProject;
			attributes = {
				LastSwiftUpdateCheck = 0730;
				LastUpgradeCheck = 0900;
				ORGANIZATIONNAME = "Ramamurthy, Rakesh Ramamurthy";
				TargetAttributes = {
					A0070CD61D38AE0A008BD8D4 = {
						CreatedOnToolsVersion = 7.3;
						LastSwiftMigration = 0900;
					};
					A0070CE01D38AE0A008BD8D4 = {
						CreatedOnToolsVersion = 7.3;
						DevelopmentTeam = 8WQ4DJVQC2;
						LastSwiftMigration = 0900;
					};
					A0070D1C1D38B017008BD8D4 = {
						CreatedOnToolsVersion = 7.3;
						LastSwiftMigration = 0800;
					};
				};
			};
			buildConfigurationList = A0070CD11D38AE0A008BD8D4 /* Build configuration list for PBXProject "AcceptSDK" */;
			compatibilityVersion = "Xcode 3.2";
			developmentRegion = English;
			hasScannedForEncodings = 0;
			knownRegions = (
				en,
			);
			mainGroup = A0070CCD1D38AE0A008BD8D4;
			productRefGroup = A0070CD81D38AE0A008BD8D4 /* Products */;
			projectDirPath = "";
			projectRoot = "";
			targets = (
				A0070CD61D38AE0A008BD8D4 /* AcceptSDK */,
				A0070CE01D38AE0A008BD8D4 /* AcceptSDKTests */,
				A0070D1C1D38B017008BD8D4 /* AcceptSDKUniversal */,
			);
		};
/* End PBXProject section */

/* Begin PBXResourcesBuildPhase section */
		A0070CD51D38AE0A008BD8D4 /* Resources */ = {
			isa = PBXResourcesBuildPhase;
			buildActionMask = 2147483647;
			files = (
			);
			runOnlyForDeploymentPostprocessing = 0;
		};
		A0070CDF1D38AE0A008BD8D4 /* Resources */ = {
			isa = PBXResourcesBuildPhase;
			buildActionMask = 2147483647;
			files = (
			);
			runOnlyForDeploymentPostprocessing = 0;
		};
/* End PBXResourcesBuildPhase section */

/* Begin PBXShellScriptBuildPhase section */
		8E5127877BB46D69D0CC18B9 /* [CP] Embed Pods Frameworks */ = {
			isa = PBXShellScriptBuildPhase;
			buildActionMask = 2147483647;
			files = (
			);
			inputPaths = (
			);
			name = "[CP] Embed Pods Frameworks";
			outputPaths = (
			);
			runOnlyForDeploymentPostprocessing = 0;
			shellPath = /bin/sh;
			shellScript = "\"${SRCROOT}/Pods/Target Support Files/Pods-AcceptSDKTests/Pods-AcceptSDKTests-frameworks.sh\"\n";
			showEnvVarsInLog = 0;
		};
		8FD38D9E37A281E8F6BBC50F /* [CP] Copy Pods Resources */ = {
			isa = PBXShellScriptBuildPhase;
			buildActionMask = 2147483647;
			files = (
			);
			inputPaths = (
			);
			name = "[CP] Copy Pods Resources";
			outputPaths = (
			);
			runOnlyForDeploymentPostprocessing = 0;
			shellPath = /bin/sh;
			shellScript = "\"${SRCROOT}/Pods/Target Support Files/Pods-AcceptSDKTests/Pods-AcceptSDKTests-resources.sh\"\n";
			showEnvVarsInLog = 0;
		};
		A0070D201D38B01E008BD8D4 /* ShellScript */ = {
			isa = PBXShellScriptBuildPhase;
			buildActionMask = 2147483647;
			files = (
			);
			inputPaths = (
			);
			outputPaths = (
			);
			runOnlyForDeploymentPostprocessing = 0;
			shellPath = /bin/sh;
			shellScript = "#!/bin/bash\n\nset -e\n\nabort() {\n    echo \"[fatal] $1\"\n    exit 1\n}\n\ntest -n \"${PROJECT_NAME}\" || abort \"This script should not be run from the command line, but is used by Xcode\"\n\n######################\n# Options\n######################\n\nREVEAL_ARCHIVE_IN_FINDER=true\n\nFRAMEWORK_NAME=\"${PROJECT_NAME}\"\n\nSIMULATOR_LIBRARY_PATH=\"${BUILD_DIR}/${CONFIGURATION}-iphonesimulator/${FRAMEWORK_NAME}.framework\"\n\nDEVICE_LIBRARY_PATH=\"${BUILD_DIR}/${CONFIGURATION}-iphoneos/${FRAMEWORK_NAME}.framework\"\n\nUNIVERSAL_LIBRARY_DIR=\"${BUILD_DIR}/${CONFIGURATION}-iphoneuniversal\"\n\nFRAMEWORK=\"${UNIVERSAL_LIBRARY_DIR}/${FRAMEWORK_NAME}.framework\"\n\n\n######################\n# Build Frameworks\n######################\n\nxcodebuild -workspace \"${FRAMEWORK_NAME}.xcworkspace\" -scheme \"${FRAMEWORK_NAME}\" ONLY_ACTIVE_ARCH=NO -configuration ${CONFIGURATION} -sdk iphoneos  BUILD_DIR=\"${BUILD_DIR}\" BUILD_ROOT=\"${BUILD_ROOT}\" || exit 1\nxcodebuild -workspace \"${FRAMEWORK_NAME}.xcworkspace\" -scheme \"${FRAMEWORK_NAME}\" ONLY_ACTIVE_ARCH=NO -configuration ${CONFIGURATION} -sdk iphonesimulator -destination 'platform=iOS Simulator,name=iPhone 6,OS=latest' BUILD_DIR=\"${BUILD_DIR}\" BUILD_ROOT=\"${BUILD_ROOT}\" || exit 1\n\n\n######################\n# Create directory for universal\n######################\n\nrm -rf \"${UNIVERSAL_LIBRARY_DIR}\"\n\nmkdir \"${UNIVERSAL_LIBRARY_DIR}\"\n\nmkdir \"${FRAMEWORK}\"\n\n\n######################\n# Copy files Framework\n######################\n\ncp -r \"${DEVICE_LIBRARY_PATH}/.\" \"${FRAMEWORK}\"\n\n\n######################\n# Make an universal binary\n######################\n\nset -o pipefail\nlipo \"${SIMULATOR_LIBRARY_PATH}/${FRAMEWORK_NAME}\" \"${DEVICE_LIBRARY_PATH}/${FRAMEWORK_NAME}\" -create -output \"${FRAMEWORK}/${FRAMEWORK_NAME}\" | echo  || exit 1\n\n#rm -rf ${FRAMEWORK}/libswiftRemoteMirror.dylib\n\n## For Swift framework, Swiftmodule needs to be copied in the universal framework\nif [ -d \"${SIMULATOR_LIBRARY_PATH}/Modules/${FRAMEWORK_NAME}.swiftmodule/\" ]; then\ncp -f ${SIMULATOR_LIBRARY_PATH}/Modules/${FRAMEWORK_NAME}.swiftmodule/* \"${FRAMEWORK}/Modules/${FRAMEWORK_NAME}.swiftmodule/\" | echo\nfi\n\nif [ -d \"${DEVICE_LIBRARY_PATH}/Modules/${FRAMEWORK_NAME}.swiftmodule/\" ]; then\ncp -f ${DEVICE_LIBRARY_PATH}/Modules/${FRAMEWORK_NAME}.swiftmodule/* \"${FRAMEWORK}/Modules/${FRAMEWORK_NAME}.swiftmodule/\" | echo\nfi\n\nif [ -n \"${WORKSPACE}\" ]; then\ncp -r \"${FRAMEWORK}\" \"${WORKSPACE}\"\nelif [ ${REVEAL_ARCHIVE_IN_FINDER} = true ]; then\nopen \"${UNIVERSAL_LIBRARY_DIR}/\"\nfi";
		};
		AF04E4A230A11E1B76D495A9 /* [CP] Check Pods Manifest.lock */ = {
			isa = PBXShellScriptBuildPhase;
			buildActionMask = 2147483647;
			files = (
			);
			inputPaths = (
				"${PODS_PODFILE_DIR_PATH}/Podfile.lock",
				"${PODS_ROOT}/Manifest.lock",
			);
			name = "[CP] Check Pods Manifest.lock";
			outputPaths = (
				"$(DERIVED_FILE_DIR)/Pods-AcceptSDK-checkManifestLockResult.txt",
			);
			runOnlyForDeploymentPostprocessing = 0;
			shellPath = /bin/sh;
			shellScript = "diff \"${PODS_PODFILE_DIR_PATH}/Podfile.lock\" \"${PODS_ROOT}/Manifest.lock\" > /dev/null\nif [ $? != 0 ] ; then\n    # print error to STDERR\n    echo \"error: The sandbox is not in sync with the Podfile.lock. Run 'pod install' or update your CocoaPods installation.\" >&2\n    exit 1\nfi\n# This output is used by Xcode 'outputs' to avoid re-running this script phase.\necho \"SUCCESS\" > \"${SCRIPT_OUTPUT_FILE_0}\"\n";
			showEnvVarsInLog = 0;
		};
		B9375B7386EC752339570D6C /* [CP] Check Pods Manifest.lock */ = {
			isa = PBXShellScriptBuildPhase;
			buildActionMask = 2147483647;
			files = (
			);
			inputPaths = (
				"${PODS_PODFILE_DIR_PATH}/Podfile.lock",
				"${PODS_ROOT}/Manifest.lock",
			);
			name = "[CP] Check Pods Manifest.lock";
			outputPaths = (
				"$(DERIVED_FILE_DIR)/Pods-AcceptSDKTests-checkManifestLockResult.txt",
			);
			runOnlyForDeploymentPostprocessing = 0;
			shellPath = /bin/sh;
			shellScript = "diff \"${PODS_PODFILE_DIR_PATH}/Podfile.lock\" \"${PODS_ROOT}/Manifest.lock\" > /dev/null\nif [ $? != 0 ] ; then\n    # print error to STDERR\n    echo \"error: The sandbox is not in sync with the Podfile.lock. Run 'pod install' or update your CocoaPods installation.\" >&2\n    exit 1\nfi\n# This output is used by Xcode 'outputs' to avoid re-running this script phase.\necho \"SUCCESS\" > \"${SCRIPT_OUTPUT_FILE_0}\"\n";
			showEnvVarsInLog = 0;
		};
		ECD9DD6278B8FC3B297ADFCF /* [CP] Copy Pods Resources */ = {
			isa = PBXShellScriptBuildPhase;
			buildActionMask = 2147483647;
			files = (
			);
			inputPaths = (
			);
			name = "[CP] Copy Pods Resources";
			outputPaths = (
			);
			runOnlyForDeploymentPostprocessing = 0;
			shellPath = /bin/sh;
			shellScript = "\"${SRCROOT}/Pods/Target Support Files/Pods-AcceptSDK/Pods-AcceptSDK-resources.sh\"\n";
			showEnvVarsInLog = 0;
		};
/* End PBXShellScriptBuildPhase section */

/* Begin PBXSourcesBuildPhase section */
		A0070CD21D38AE0A008BD8D4 /* Sources */ = {
			isa = PBXSourcesBuildPhase;
			buildActionMask = 2147483647;
			files = (
				A027CA621D3A0062007A8D73 /* FingerPrint.swift in Sources */,
				A0C04C1F1D3D3604002C567C /* AcceptSDKBaseInterfaceBuilder.swift in Sources */,
				A0070D151D38AEED008BD8D4 /* AccepSDKtHttp.swift in Sources */,
				A027CA641D3A02D7007A8D73 /* SecurePaymentContainerRequest.swift in Sources */,
				A0070D161D38AEED008BD8D4 /* AcceptSDKHttpConnection.swift in Sources */,
				A0070CF41D38AEE2008BD8D4 /* AcceptSDKHandler.swift in Sources */,
				A0070D171D38AEED008BD8D4 /* AcceptSDKPaymentRequest.swift in Sources */,
				A0070CF51D38AEE2008BD8D4 /* AcceptSDKInternal.swift in Sources */,
				A0C04C211D3D3604002C567C /* AcceptSDKTokenAPIBuilder.swift in Sources */,
				A0070D191D38AEED008BD8D4 /* AcceptSDKTokenResponse.swift in Sources */,
				A0070CF61D38AEE2008BD8D4 /* AcceptSDKSettings.swift in Sources */,
				A0070D181D38AEED008BD8D4 /* AcceptSDKErrorResponse.swift in Sources */,
				A0070D131D38AEED008BD8D4 /* AcceptSDKBaseInterface.swift in Sources */,
				A0C04C201D3D3604002C567C /* AcceptSDKBaseURLBuilder.swift in Sources */,
				A0070D1A1D38AEED008BD8D4 /* AcceptSDKCardFieldsValidator.swift in Sources */,
				A0C04C221D3D3604002C567C /* AcceptSDKTokenInterfaceBuilder.swift in Sources */,
				A0070D1B1D38AEED008BD8D4 /* AcceptSDKStringValidator.swift in Sources */,
				A0070D141D38AEED008BD8D4 /* AcceptSDKTokenInterface.swift in Sources */,
				A027CA601D39FFA3007A8D73 /* MerchantAuthenticaton.swift in Sources */,
			);
			runOnlyForDeploymentPostprocessing = 0;
		};
		A0070CDD1D38AE0A008BD8D4 /* Sources */ = {
			isa = PBXSourcesBuildPhase;
			buildActionMask = 2147483647;
			files = (
				8DCBB2B71D3F4EEF00E6FDDA /* AcceptSDKCardFieldsValidator.swift in Sources */,
				8DCBB2AE1D3F4E8800E6FDDA /* AcceptSDKHttpConnection.swift in Sources */,
				8DCBB2B61D3F4EA400E6FDDA /* AcceptSDKTokenInterfaceBuilder.swift in Sources */,
				8DCBB2B81D3F4EF100E6FDDA /* AcceptSDKStringValidator.swift in Sources */,
				8DCBB2A91D3F4E7500E6FDDA /* AcceptSDKTokenResponse.swift in Sources */,
				8DCBB2B51D3F4EA100E6FDDA /* AcceptSDKTokenAPIBuilder.swift in Sources */,
				8DCBB2AA1D3F4E7900E6FDDA /* AcceptSDKHandler.swift in Sources */,
				8DCBB2AF1D3F4E8D00E6FDDA /* AcceptSDKBaseInterface.swift in Sources */,
				8DCBB2A81D3F4E7300E6FDDA /* AcceptSDKErrorResponse.swift in Sources */,
				8DCBB2AB1D3F4E7B00E6FDDA /* AcceptSDKInternal.swift in Sources */,
				8DCBB2AD1D3F4E8600E6FDDA /* AccepSDKtHttp.swift in Sources */,
				A0070CE71D38AE0A008BD8D4 /* TokenDataTests.swift in Sources */,
				8DCBB2B01D3F4E9000E6FDDA /* AcceptSDKTokenInterface.swift in Sources */,
				8DCBB2A51D3F4E6700E6FDDA /* FingerPrint.swift in Sources */,
				8DCBB2BD1D3F8BD700E6FDDA /* FingerPrintTests.swift in Sources */,
				8DCBB2B41D3F4E9E00E6FDDA /* AcceptSDKBaseURLBuilder.swift in Sources */,
				8DCBB2A41D3F4B8100E6FDDA /* SecurePaymentContainerRequest.swift in Sources */,
				8DCBB2AC1D3F4E7E00E6FDDA /* AcceptSDKSettings.swift in Sources */,
				8DCBB2BB1D3F6C4C00E6FDDA /* WebCheckOutDataTypeTests.swift in Sources */,
				8DCBB2B31D3F4E9B00E6FDDA /* AcceptSDKBaseInterfaceBuilder.swift in Sources */,
				8DCBB2BF1D3FAF5600E6FDDA /* MerchantAuthenticationTests.swift in Sources */,
				8DCBB2A61D3F4E6A00E6FDDA /* MerchantAuthenticaton.swift in Sources */,
				8DCBB2A71D3F4E6D00E6FDDA /* AcceptSDKPaymentRequest.swift in Sources */,
			);
			runOnlyForDeploymentPostprocessing = 0;
		};
/* End PBXSourcesBuildPhase section */

/* Begin PBXTargetDependency section */
		A0070CE41D38AE0A008BD8D4 /* PBXTargetDependency */ = {
			isa = PBXTargetDependency;
			target = A0070CD61D38AE0A008BD8D4 /* AcceptSDK */;
			targetProxy = A0070CE31D38AE0A008BD8D4 /* PBXContainerItemProxy */;
		};
		A0070D221D38B06B008BD8D4 /* PBXTargetDependency */ = {
			isa = PBXTargetDependency;
			target = A0070CD61D38AE0A008BD8D4 /* AcceptSDK */;
			targetProxy = A0070D211D38B06B008BD8D4 /* PBXContainerItemProxy */;
		};
/* End PBXTargetDependency section */

/* Begin XCBuildConfiguration section */
		A0070CE91D38AE0A008BD8D4 /* Debug */ = {
			isa = XCBuildConfiguration;
			buildSettings = {
				ALWAYS_SEARCH_USER_PATHS = NO;
				CLANG_ANALYZER_NONNULL = YES;
				CLANG_CXX_LANGUAGE_STANDARD = "gnu++0x";
				CLANG_CXX_LIBRARY = "libc++";
				CLANG_ENABLE_MODULES = YES;
				CLANG_ENABLE_OBJC_ARC = YES;
				CLANG_WARN_BLOCK_CAPTURE_AUTORELEASING = YES;
				CLANG_WARN_BOOL_CONVERSION = YES;
				CLANG_WARN_COMMA = YES;
				CLANG_WARN_CONSTANT_CONVERSION = YES;
				CLANG_WARN_DIRECT_OBJC_ISA_USAGE = YES_ERROR;
				CLANG_WARN_EMPTY_BODY = YES;
				CLANG_WARN_ENUM_CONVERSION = YES;
				CLANG_WARN_INFINITE_RECURSION = YES;
				CLANG_WARN_INT_CONVERSION = YES;
				CLANG_WARN_NON_LITERAL_NULL_CONVERSION = YES;
				CLANG_WARN_OBJC_LITERAL_CONVERSION = YES;
				CLANG_WARN_OBJC_ROOT_CLASS = YES_ERROR;
				CLANG_WARN_RANGE_LOOP_ANALYSIS = YES;
				CLANG_WARN_STRICT_PROTOTYPES = YES;
				CLANG_WARN_SUSPICIOUS_MOVE = YES;
				CLANG_WARN_UNREACHABLE_CODE = YES;
				CLANG_WARN__DUPLICATE_METHOD_MATCH = YES;
				"CODE_SIGN_IDENTITY[sdk=iphoneos*]" = "iPhone Developer";
				COPY_PHASE_STRIP = NO;
				CURRENT_PROJECT_VERSION = 1;
				DEBUG_INFORMATION_FORMAT = dwarf;
				ENABLE_STRICT_OBJC_MSGSEND = YES;
				ENABLE_TESTABILITY = YES;
				GCC_C_LANGUAGE_STANDARD = gnu99;
				GCC_DYNAMIC_NO_PIC = NO;
				GCC_NO_COMMON_BLOCKS = YES;
				GCC_OPTIMIZATION_LEVEL = 0;
				GCC_PREPROCESSOR_DEFINITIONS = (
					"DEBUG=1",
					"$(inherited)",
				);
				GCC_WARN_64_TO_32_BIT_CONVERSION = YES;
				GCC_WARN_ABOUT_RETURN_TYPE = YES_ERROR;
				GCC_WARN_UNDECLARED_SELECTOR = YES;
				GCC_WARN_UNINITIALIZED_AUTOS = YES_AGGRESSIVE;
				GCC_WARN_UNUSED_FUNCTION = YES;
				GCC_WARN_UNUSED_VARIABLE = YES;
				IPHONEOS_DEPLOYMENT_TARGET = 9.3;
				MTL_ENABLE_DEBUG_INFO = YES;
				ONLY_ACTIVE_ARCH = YES;
				SDKROOT = iphoneos;
				SWIFT_OPTIMIZATION_LEVEL = "-Onone";
				TARGETED_DEVICE_FAMILY = "1,2";
				VERSIONING_SYSTEM = "apple-generic";
				VERSION_INFO_PREFIX = "";
			};
			name = Debug;
		};
		A0070CEA1D38AE0A008BD8D4 /* Release */ = {
			isa = XCBuildConfiguration;
			buildSettings = {
				ALWAYS_SEARCH_USER_PATHS = NO;
				CLANG_ANALYZER_NONNULL = YES;
				CLANG_CXX_LANGUAGE_STANDARD = "gnu++0x";
				CLANG_CXX_LIBRARY = "libc++";
				CLANG_ENABLE_MODULES = YES;
				CLANG_ENABLE_OBJC_ARC = YES;
				CLANG_WARN_BLOCK_CAPTURE_AUTORELEASING = YES;
				CLANG_WARN_BOOL_CONVERSION = YES;
				CLANG_WARN_COMMA = YES;
				CLANG_WARN_CONSTANT_CONVERSION = YES;
				CLANG_WARN_DIRECT_OBJC_ISA_USAGE = YES_ERROR;
				CLANG_WARN_EMPTY_BODY = YES;
				CLANG_WARN_ENUM_CONVERSION = YES;
				CLANG_WARN_INFINITE_RECURSION = YES;
				CLANG_WARN_INT_CONVERSION = YES;
				CLANG_WARN_NON_LITERAL_NULL_CONVERSION = YES;
				CLANG_WARN_OBJC_LITERAL_CONVERSION = YES;
				CLANG_WARN_OBJC_ROOT_CLASS = YES_ERROR;
				CLANG_WARN_RANGE_LOOP_ANALYSIS = YES;
				CLANG_WARN_STRICT_PROTOTYPES = YES;
				CLANG_WARN_SUSPICIOUS_MOVE = YES;
				CLANG_WARN_UNREACHABLE_CODE = YES;
				CLANG_WARN__DUPLICATE_METHOD_MATCH = YES;
				"CODE_SIGN_IDENTITY[sdk=iphoneos*]" = "iPhone Developer";
				COPY_PHASE_STRIP = NO;
				CURRENT_PROJECT_VERSION = 1;
				DEBUG_INFORMATION_FORMAT = "dwarf-with-dsym";
				ENABLE_NS_ASSERTIONS = NO;
				ENABLE_STRICT_OBJC_MSGSEND = YES;
				GCC_C_LANGUAGE_STANDARD = gnu99;
				GCC_NO_COMMON_BLOCKS = YES;
				GCC_WARN_64_TO_32_BIT_CONVERSION = YES;
				GCC_WARN_ABOUT_RETURN_TYPE = YES_ERROR;
				GCC_WARN_UNDECLARED_SELECTOR = YES;
				GCC_WARN_UNINITIALIZED_AUTOS = YES_AGGRESSIVE;
				GCC_WARN_UNUSED_FUNCTION = YES;
				GCC_WARN_UNUSED_VARIABLE = YES;
				IPHONEOS_DEPLOYMENT_TARGET = 9.3;
				MTL_ENABLE_DEBUG_INFO = NO;
				SDKROOT = iphoneos;
				SWIFT_OPTIMIZATION_LEVEL = "-Owholemodule";
				TARGETED_DEVICE_FAMILY = "1,2";
				VALIDATE_PRODUCT = YES;
				VERSIONING_SYSTEM = "apple-generic";
				VERSION_INFO_PREFIX = "";
			};
			name = Release;
		};
		A0070CEC1D38AE0A008BD8D4 /* Debug */ = {
			isa = XCBuildConfiguration;
			baseConfigurationReference = 2586DA0885DBC49194787873 /* Pods-AcceptSDK.debug.xcconfig */;
			buildSettings = {
				ALWAYS_EMBED_SWIFT_STANDARD_LIBRARIES = NO;
				CLANG_ENABLE_MODULES = YES;
				"CODE_SIGN_IDENTITY[sdk=iphoneos*]" = "";
				DEFINES_MODULE = YES;
				DYLIB_COMPATIBILITY_VERSION = 1;
				DYLIB_CURRENT_VERSION = 1;
				DYLIB_INSTALL_NAME_BASE = "@rpath";
				ENABLE_BITCODE = YES;
				INFOPLIST_FILE = AcceptSDK/Info.plist;
				INSTALL_PATH = "$(LOCAL_LIBRARY_DIR)/Frameworks";
				IPHONEOS_DEPLOYMENT_TARGET = 8.2;
				LD_RUNPATH_SEARCH_PATHS = "$(inherited) @executable_path/Frameworks @loader_path/Frameworks";
				ONLY_ACTIVE_ARCH = NO;
				PRODUCT_BUNDLE_IDENTIFIER = com.visa.com.AcceptSDK;
				PRODUCT_NAME = "$(TARGET_NAME)";
				SKIP_INSTALL = YES;
				SWIFT_OPTIMIZATION_LEVEL = "-Onone";
				SWIFT_VERSION = 4.0;
				VALID_ARCHS = "arm64 armv7 armv7s";
			};
			name = Debug;
		};
		A0070CED1D38AE0A008BD8D4 /* Release */ = {
			isa = XCBuildConfiguration;
			baseConfigurationReference = A48542D2B9727417FFC81DE4 /* Pods-AcceptSDK.release.xcconfig */;
			buildSettings = {
				ALWAYS_EMBED_SWIFT_STANDARD_LIBRARIES = NO;
				CLANG_ENABLE_MODULES = YES;
				"CODE_SIGN_IDENTITY[sdk=iphoneos*]" = "";
				DEFINES_MODULE = YES;
				DYLIB_COMPATIBILITY_VERSION = 1;
				DYLIB_CURRENT_VERSION = 1;
				DYLIB_INSTALL_NAME_BASE = "@rpath";
				ENABLE_BITCODE = YES;
				INFOPLIST_FILE = AcceptSDK/Info.plist;
				INSTALL_PATH = "$(LOCAL_LIBRARY_DIR)/Frameworks";
				IPHONEOS_DEPLOYMENT_TARGET = 8.2;
				LD_RUNPATH_SEARCH_PATHS = "$(inherited) @executable_path/Frameworks @loader_path/Frameworks";
				ONLY_ACTIVE_ARCH = NO;
				PRODUCT_BUNDLE_IDENTIFIER = com.visa.com.AcceptSDK;
				PRODUCT_NAME = "$(TARGET_NAME)";
				SKIP_INSTALL = YES;
				SWIFT_VERSION = 4.0;
				VALID_ARCHS = "arm64 armv7 armv7s";
			};
			name = Release;
		};
		A0070CEF1D38AE0A008BD8D4 /* Debug */ = {
			isa = XCBuildConfiguration;
			baseConfigurationReference = 05F5BE570E61E8AD84559E8B /* Pods-AcceptSDKTests.debug.xcconfig */;
			buildSettings = {
				DEVELOPMENT_TEAM = 8WQ4DJVQC2;
				INFOPLIST_FILE = AcceptSDKTests/Info.plist;
				LD_RUNPATH_SEARCH_PATHS = "$(inherited) @executable_path/Frameworks @loader_path/Frameworks";
				ONLY_ACTIVE_ARCH = NO;
				PRODUCT_BUNDLE_IDENTIFIER = com.visa.com.AcceptSDKTests;
				PRODUCT_NAME = "$(TARGET_NAME)";
				SWIFT_VERSION = 4.0;
			};
			name = Debug;
		};
		A0070CF01D38AE0A008BD8D4 /* Release */ = {
			isa = XCBuildConfiguration;
			baseConfigurationReference = D6D244A02E3C298A2057C19C /* Pods-AcceptSDKTests.release.xcconfig */;
			buildSettings = {
				DEVELOPMENT_TEAM = 8WQ4DJVQC2;
				INFOPLIST_FILE = AcceptSDKTests/Info.plist;
				LD_RUNPATH_SEARCH_PATHS = "$(inherited) @executable_path/Frameworks @loader_path/Frameworks";
				ONLY_ACTIVE_ARCH = NO;
				PRODUCT_BUNDLE_IDENTIFIER = com.visa.com.AcceptSDKTests;
				PRODUCT_NAME = "$(TARGET_NAME)";
				SWIFT_VERSION = 4.0;
			};
			name = Release;
		};
		A0070D1E1D38B017008BD8D4 /* Debug */ = {
			isa = XCBuildConfiguration;
			buildSettings = {
				ALWAYS_EMBED_SWIFT_STANDARD_LIBRARIES = NO;
				ENABLE_BITCODE = YES;
				IPHONEOS_DEPLOYMENT_TARGET = 8.2;
				ONLY_ACTIVE_ARCH = NO;
				PRODUCT_NAME = "$(TARGET_NAME)";
				SWIFT_VERSION = 4.0;
				VALID_ARCHS = "arm64 armv7 armv7s";
			};
			name = Debug;
		};
		A0070D1F1D38B017008BD8D4 /* Release */ = {
			isa = XCBuildConfiguration;
			buildSettings = {
				ALWAYS_EMBED_SWIFT_STANDARD_LIBRARIES = NO;
				ENABLE_BITCODE = YES;
				IPHONEOS_DEPLOYMENT_TARGET = 8.2;
				ONLY_ACTIVE_ARCH = NO;
				PRODUCT_NAME = "$(TARGET_NAME)";
				SWIFT_VERSION = 4.0;
				VALID_ARCHS = "arm64 armv7 armv7s";
			};
			name = Release;
		};
/* End XCBuildConfiguration section */

/* Begin XCConfigurationList section */
		A0070CD11D38AE0A008BD8D4 /* Build configuration list for PBXProject "AcceptSDK" */ = {
			isa = XCConfigurationList;
			buildConfigurations = (
				A0070CE91D38AE0A008BD8D4 /* Debug */,
				A0070CEA1D38AE0A008BD8D4 /* Release */,
			);
			defaultConfigurationIsVisible = 0;
			defaultConfigurationName = Release;
		};
		A0070CEB1D38AE0A008BD8D4 /* Build configuration list for PBXNativeTarget "AcceptSDK" */ = {
			isa = XCConfigurationList;
			buildConfigurations = (
				A0070CEC1D38AE0A008BD8D4 /* Debug */,
				A0070CED1D38AE0A008BD8D4 /* Release */,
			);
			defaultConfigurationIsVisible = 0;
			defaultConfigurationName = Release;
		};
		A0070CEE1D38AE0A008BD8D4 /* Build configuration list for PBXNativeTarget "AcceptSDKTests" */ = {
			isa = XCConfigurationList;
			buildConfigurations = (
				A0070CEF1D38AE0A008BD8D4 /* Debug */,
				A0070CF01D38AE0A008BD8D4 /* Release */,
			);
			defaultConfigurationIsVisible = 0;
			defaultConfigurationName = Release;
		};
		A0070D1D1D38B017008BD8D4 /* Build configuration list for PBXAggregateTarget "AcceptSDKUniversal" */ = {
			isa = XCConfigurationList;
			buildConfigurations = (
				A0070D1E1D38B017008BD8D4 /* Debug */,
				A0070D1F1D38B017008BD8D4 /* Release */,
			);
			defaultConfigurationIsVisible = 0;
			defaultConfigurationName = Release;
		};
/* End XCConfigurationList section */
	};
	rootObject = A0070CCE1D38AE0A008BD8D4 /* Project object */;
}
